<?xml version="1.0" encoding="utf-8"?>
<Project ToolsVersion="4.0" xmlns="http://schemas.microsoft.com/developer/msbuild/2003">
  <ItemGroup>
    <Filter Include="Source Files">
      <UniqueIdentifier>{4FC737F1-C7A5-4376-A066-2A32D752A2FF}</UniqueIdentifier>
      <Extensions>cpp;c;cc;cxx;def;odl;idl;hpj;bat;asm;asmx</Extensions>
    </Filter>
    <Filter Include="Header Files">
      <UniqueIdentifier>{93995380-89BD-4b04-88EB-625FBE52EBFB}</UniqueIdentifier>
      <Extensions>h;hh;hpp;hxx;hm;inl;inc;xsd</Extensions>
    </Filter>
    <Filter Include="Resource Files">
      <UniqueIdentifier>{67DA6AB6-F800-4c08-8B7A-83BB121AAD01}</UniqueIdentifier>
      <Extensions>rc;ico;cur;bmp;dlg;rc2;rct;bin;rgs;gif;jpg;jpeg;jpe;resx;tiff;tif;png;wav;mfcribbon-ms</Extensions>
    </Filter>
    <Filter Include="Source Files\Wrapper">
      <UniqueIdentifier>{d19822d8-41bd-4e0a-912c-89fb5819d3b6}</UniqueIdentifier>
    </Filter>
    <Filter Include="Header Files\Wrapper">
      <UniqueIdentifier>{912d2c38-b5ae-4691-9e87-a478f9a5dc24}</UniqueIdentifier>
    </Filter>
    <Filter Include="Source Files\test">
      <UniqueIdentifier>{b8368142-84f5-40b1-9da7-8a517b3bb7f7}</UniqueIdentifier>
    </Filter>
    <Filter Include="Header Files\MyImpl">
      <UniqueIdentifier>{d2888171-c5ba-4959-8e84-2b3f71537833}</UniqueIdentifier>
    </Filter>
    <Filter Include="Source Files\MyImpl">
      <UniqueIdentifier>{8a871d15-7e30-4741-a7ef-e643f2b8831f}</UniqueIdentifier>
    </Filter>
  </ItemGroup>
  <ItemGroup>
    <ClCompile Include="file.cpp">
      <Filter>Source Files\Wrapper</Filter>
    </ClCompile>
    <ClCompile Include="fs.cpp">
      <Filter>Source Files\Wrapper</Filter>
    </ClCompile>
    <ClCompile Include="part.cpp">
      <Filter>Source Files\Wrapper</Filter>
    </ClCompile>
    <ClCompile Include="main.cpp">
      <Filter>Source Files</Filter>
    </ClCompile>
    <ClCompile Include="test_main.cpp">
      <Filter>Source Files\test</Filter>
    </ClCompile>
    <ClCompile Include="nit1.cpp">
      <Filter>Source Files\test</Filter>
    </ClCompile>
    <ClCompile Include="nit2.cpp">
      <Filter>Source Files\test</Filter>
    </ClCompile>
    <ClCompile Include="nit3.cpp">
      <Filter>Source Files\test</Filter>
    </ClCompile>
    <ClCompile Include="kernelfs.cpp">
      <Filter>Source Files\MyImpl</Filter>
    </ClCompile>
    <ClCompile Include="kernfile.cpp">
      <Filter>Source Files\MyImpl</Filter>
    </ClCompile>
    <ClCompile Include="partimp.cpp">
      <Filter>Source Files\MyImpl</Filter>
    </ClCompile>
    <ClCompile Include="clusterbuffer.cpp">
      <Filter>Source Files</Filter>
    </ClCompile>
  </ItemGroup>
  <ItemGroup>
    <ClInclude Include="file.h">
      <Filter>Header Files\Wrapper</Filter>
    </ClInclude>
    <ClInclude Include="fs.h">
      <Filter>Header Files\Wrapper</Filter>
    </ClInclude>
    <ClInclude Include="part.h">
      <Filter>Header Files\Wrapper</Filter>
    </ClInclude>
    <ClInclude Include="testprimer.h">
      <Filter>Header Files</Filter>
    </ClInclude>
    <ClInclude Include="clusterbuffer.h">
      <Filter>Header Files</Filter>
    </ClInclude>
    <ClInclude Include="kernelfs.h">
      <Filter>Header Files\MyImpl</Filter>
    </ClInclude>
    <ClInclude Include="kernfile.h">
      <Filter>Header Files\MyImpl</Filter>
    </ClInclude>
    <ClInclude Include="partimp.h">
      <Filter>Header Files\MyImpl</Filter>
    </ClInclude>
  </ItemGroup>
</Project>